
Microsoft Visual Studio Solution File, Format Version 12.00
# Visual Studio Version 16
VisualStudioVersion = 16.0.29009.5
MinimumVisualStudioVersion = 10.0.40219.1
Project("{FAE04EC0-301F-11D3-BF4B-00C04F79EFBC}") = "WarWolfWorks_Mod", "WarWolfWorks_Mod.csproj", "{E8E1778D-C916-45A8-A49B-7EFF8BE1B744}"
EndProject
Global
	GlobalSection(SolutionConfigurationPlatforms) = preSolution
		Debug|Any CPU = Debug|Any CPU
		Release|Any CPU = Release|Any CPU
	EndGlobalSection
	GlobalSection(ProjectConfigurationPlatforms) = postSolution
		{E8E1778D-C916-45A8-A49B-7EFF8BE1B744}.Debug|Any CPU.ActiveCfg = Debug|Any CPU
		{E8E1778D-C916-45A8-A49B-7EFF8BE1B744}.Debug|Any CPU.Build.0 = Debug|Any CPU
		{E8E1778D-C916-45A8-A49B-7EFF8BE1B744}.Release|Any CPU.ActiveCfg = Release|Any CPU
		{E8E1778D-C916-45A8-A49B-7EFF8BE1B744}.Release|Any CPU.Build.0 = Release|Any CPU
	EndGlobalSection
	GlobalSection(SolutionProperties) = preSolution
		HideSolutionNode = FALSE
	EndGlobalSection
	GlobalSection(ExtensibilityGlobals) = postSolution
		SolutionGuid = {C1E282E6-F813-4DDC-B02D-55CF6F3C6959}
	EndGlobalSection
EndGlobal
